Microsoft Visual Studio Solution File, Format Version 12.00
# Visual Studio Version 18
VisualStudioVersion = 18.6.11709.129 insiders
MinimumVisualStudioVersion = 10.0.40219.1
Project("{FAE04EC0-301F-11D3-BF4B-00C04F79EFBC}") = "Operativ.BE", "Operativ.BE\Operativ.BE.csproj", "{F031A4D3-2E78-4879-A175-32BBAC17280E}"
EndProject
Project("{FAE04EC0-301F-11D3-BF4B-00C04F79EFBC}") = "Operativ.Comun", "Operativ.Comun\Operativ.Comun.csproj", "{872FD676-1AB5-4436-BB6E-748EE16BE16D}"
EndProject
Project("{FAE04EC0-301F-11D3-BF4B-00C04F79EFBC}") = "Operativ.SEC", "Operativ.SEC\Operativ.SEC.csproj", "{1CF7F0D2-B94B-4182-A1FF-E6838CB11D29}"
EndProject
Project("{FAE04EC0-301F-11D3-BF4B-00C04F79EFBC}") = "Operativ.DAL", "Operativ.DAL\Operativ.DAL.csproj", "{5D514D00-2EA0-4F3B-9585-A438A130EE5C}"
EndProject
Project("{FAE04EC0-301F-11D3-BF4B-00C04F79EFBC}") = "Operativ.BLL", "Operativ.BLL\Operativ.BLL.csproj", "{7755D96D-F874-4A3D-A497-6E002D368C06}"
EndProject
Project("{FAE04EC0-301F-11D3-BF4B-00C04F79EFBC}") = "Operativ.WebServices", "Operativ.WebServices\Operativ.WebServices.csproj", "{F850303C-52BB-4A35-81F9-E651F24A8579}"
EndProject
Project("{FAE04EC0-301F-11D3-BF4B-00C04F79EFBC}") = "Operativ.Web", "Operativ.Web\Operativ.Web.csproj", "{8CD1A5D9-D238-4D7B-A095-EAD450C468AA}"
EndProject
Project("{2150E333-8FDC-42A3-9474-1A3956D46DE8}") = "Database", "Database", "{32DC6FA0-2BA2-4B59-AF16-3A99032FC98D}"
	ProjectSection(SolutionItems) = preProject
		Database\01_CrearBaseDatos.sql = Database\01_CrearBaseDatos.sql
		Database\02_DatosSemilla.sql = Database\02_DatosSemilla.sql
		Database\03_IntegridadDVH_DVV.sql = Database\03_IntegridadDVH_DVV.sql
		Database\04_ProcedimientosSeguridad.sql = Database\04_ProcedimientosSeguridad.sql
		Database\05_ProcedimientosNegocio.sql = Database\05_ProcedimientosNegocio.sql
		Database\06_BackupRestore.sql = Database\06_BackupRestore.sql
		Database\07_CalcularIntegridadInicial.sql = Database\07_CalcularIntegridadInicial.sql
	EndProjectSection
EndProject
Global
	GlobalSection(SolutionConfigurationPlatforms) = preSolution
		Debug|Any CPU = Debug|Any CPU
		Release|Any CPU = Release|Any CPU
	EndGlobalSection
	GlobalSection(ProjectConfigurationPlatforms) = postSolution
		{F031A4D3-2E78-4879-A175-32BBAC17280E}.Debug|Any CPU.ActiveCfg = Debug|Any CPU
		{F031A4D3-2E78-4879-A175-32BBAC17280E}.Debug|Any CPU.Build.0 = Debug|Any CPU
		{F031A4D3-2E78-4879-A175-32BBAC17280E}.Release|Any CPU.ActiveCfg = Release|Any CPU
		{F031A4D3-2E78-4879-A175-32BBAC17280E}.Release|Any CPU.Build.0 = Release|Any CPU
		{872FD676-1AB5-4436-BB6E-748EE16BE16D}.Debug|Any CPU.ActiveCfg = Debug|Any CPU
		{872FD676-1AB5-4436-BB6E-748EE16BE16D}.Debug|Any CPU.Build.0 = Debug|Any CPU
		{872FD676-1AB5-4436-BB6E-748EE16BE16D}.Release|Any CPU.ActiveCfg = Release|Any CPU
		{872FD676-1AB5-4436-BB6E-748EE16BE16D}.Release|Any CPU.Build.0 = Release|Any CPU
		{1CF7F0D2-B94B-4182-A1FF-E6838CB11D29}.Debug|Any CPU.ActiveCfg = Debug|Any CPU
		{1CF7F0D2-B94B-4182-A1FF-E6838CB11D29}.Debug|Any CPU.Build.0 = Debug|Any CPU
		{1CF7F0D2-B94B-4182-A1FF-E6838CB11D29}.Release|Any CPU.ActiveCfg = Release|Any CPU
		{1CF7F0D2-B94B-4182-A1FF-E6838CB11D29}.Release|Any CPU.Build.0 = Release|Any CPU
		{5D514D00-2EA0-4F3B-9585-A438A130EE5C}.Debug|Any CPU.ActiveCfg = Debug|Any CPU
		{5D514D00-2EA0-4F3B-9585-A438A130EE5C}.Debug|Any CPU.Build.0 = Debug|Any CPU
		{5D514D00-2EA0-4F3B-9585-A438A130EE5C}.Release|Any CPU.ActiveCfg = Release|Any CPU
		{5D514D00-2EA0-4F3B-9585-A438A130EE5C}.Release|Any CPU.Build.0 = Release|Any CPU
		{7755D96D-F874-4A3D-A497-6E002D368C06}.Debug|Any CPU.ActiveCfg = Debug|Any CPU
		{7755D96D-F874-4A3D-A497-6E002D368C06}.Debug|Any CPU.Build.0 = Debug|Any CPU
		{7755D96D-F874-4A3D-A497-6E002D368C06}.Release|Any CPU.ActiveCfg = Release|Any CPU
		{7755D96D-F874-4A3D-A497-6E002D368C06}.Release|Any CPU.Build.0 = Release|Any CPU
		{F850303C-52BB-4A35-81F9-E651F24A8579}.Debug|Any CPU.ActiveCfg = Debug|Any CPU
		{F850303C-52BB-4A35-81F9-E651F24A8579}.Debug|Any CPU.Build.0 = Debug|Any CPU
		{F850303C-52BB-4A35-81F9-E651F24A8579}.Release|Any CPU.ActiveCfg = Release|Any CPU
		{F850303C-52BB-4A35-81F9-E651F24A8579}.Release|Any CPU.Build.0 = Release|Any CPU
		{8CD1A5D9-D238-4D7B-A095-EAD450C468AA}.Debug|Any CPU.ActiveCfg = Debug|Any CPU
		{8CD1A5D9-D238-4D7B-A095-EAD450C468AA}.Debug|Any CPU.Build.0 = Debug|Any CPU
		{8CD1A5D9-D238-4D7B-A095-EAD450C468AA}.Release|Any CPU.ActiveCfg = Release|Any CPU
		{8CD1A5D9-D238-4D7B-A095-EAD450C468AA}.Release|Any CPU.Build.0 = Release|Any CPU
	EndGlobalSection
	GlobalSection(SolutionProperties) = preSolution
		HideSolutionNode = FALSE
	EndGlobalSection
EndGlobal
