
Microsoft Visual Studio Solution File, Format Version 12.00
# Visual Studio Version 17
VisualStudioVersion = 17.0.31903.59
MinimumVisualStudioVersion = 10.0.40219.1
Project("{FAE04EC0-301F-11D3-BF4B-00C04F79EFBC}") = "Operativ.BE", "Operativ.BE\Operativ.BE.csproj", "{F009EE4D-C2B2-4015-A004-C04D09BD77AB}"
EndProject
Project("{FAE04EC0-301F-11D3-BF4B-00C04F79EFBC}") = "Operativ.DAL", "Operativ.DAL\Operativ.DAL.csproj", "{3B2F77E7-CD9B-4C7F-855E-BA65671E3455}"
EndProject
Project("{FAE04EC0-301F-11D3-BF4B-00C04F79EFBC}") = "Operativ.SEC", "Operativ.SEC\Operativ.SEC.csproj", "{19A87182-385B-42B1-9053-0B52C7E839EC}"
EndProject
Project("{FAE04EC0-301F-11D3-BF4B-00C04F79EFBC}") = "Operativ.BLL", "Operativ.BLL\Operativ.BLL.csproj", "{C96FADCB-A0CB-4F24-9E00-98EBC5573002}"
EndProject
Project("{FAE04EC0-301F-11D3-BF4B-00C04F79EFBC}") = "Operativ.Web", "Operativ.Web\Operativ.Web.csproj", "{E1A50C5E-B61F-45BF-96EC-0A6A756F102F}"
EndProject
Global
	GlobalSection(SolutionConfigurationPlatforms) = preSolution
		Debug|Any CPU = Debug|Any CPU
		Release|Any CPU = Release|Any CPU
	EndGlobalSection
	GlobalSection(ProjectConfigurationPlatforms) = postSolution
		{F009EE4D-C2B2-4015-A004-C04D09BD77AB}.Debug|Any CPU.ActiveCfg = Debug|AnyCPU
		{F009EE4D-C2B2-4015-A004-C04D09BD77AB}.Debug|Any CPU.Build.0 = Debug|AnyCPU
		{F009EE4D-C2B2-4015-A004-C04D09BD77AB}.Release|Any CPU.ActiveCfg = Release|AnyCPU
		{F009EE4D-C2B2-4015-A004-C04D09BD77AB}.Release|Any CPU.Build.0 = Release|AnyCPU
		{3B2F77E7-CD9B-4C7F-855E-BA65671E3455}.Debug|Any CPU.ActiveCfg = Debug|AnyCPU
		{3B2F77E7-CD9B-4C7F-855E-BA65671E3455}.Debug|Any CPU.Build.0 = Debug|AnyCPU
		{3B2F77E7-CD9B-4C7F-855E-BA65671E3455}.Release|Any CPU.ActiveCfg = Release|AnyCPU
		{3B2F77E7-CD9B-4C7F-855E-BA65671E3455}.Release|Any CPU.Build.0 = Release|AnyCPU
		{19A87182-385B-42B1-9053-0B52C7E839EC}.Debug|Any CPU.ActiveCfg = Debug|AnyCPU
		{19A87182-385B-42B1-9053-0B52C7E839EC}.Debug|Any CPU.Build.0 = Debug|AnyCPU
		{19A87182-385B-42B1-9053-0B52C7E839EC}.Release|Any CPU.ActiveCfg = Release|AnyCPU
		{19A87182-385B-42B1-9053-0B52C7E839EC}.Release|Any CPU.Build.0 = Release|AnyCPU
		{C96FADCB-A0CB-4F24-9E00-98EBC5573002}.Debug|Any CPU.ActiveCfg = Debug|AnyCPU
		{C96FADCB-A0CB-4F24-9E00-98EBC5573002}.Debug|Any CPU.Build.0 = Debug|AnyCPU
		{C96FADCB-A0CB-4F24-9E00-98EBC5573002}.Release|Any CPU.ActiveCfg = Release|AnyCPU
		{C96FADCB-A0CB-4F24-9E00-98EBC5573002}.Release|Any CPU.Build.0 = Release|AnyCPU
		{E1A50C5E-B61F-45BF-96EC-0A6A756F102F}.Debug|Any CPU.ActiveCfg = Debug|AnyCPU
		{E1A50C5E-B61F-45BF-96EC-0A6A756F102F}.Debug|Any CPU.Build.0 = Debug|AnyCPU
		{E1A50C5E-B61F-45BF-96EC-0A6A756F102F}.Release|Any CPU.ActiveCfg = Release|AnyCPU
		{E1A50C5E-B61F-45BF-96EC-0A6A756F102F}.Release|Any CPU.Build.0 = Release|AnyCPU
	EndGlobalSection
	GlobalSection(SolutionProperties) = preSolution
		HideSolutionNode = FALSE
	EndGlobalSection
EndGlobal
